
Microsoft Visual Studio Solution File, Format Version 12.00
# Visual Studio 15
VisualStudioVersion = 15.0.28010.2050
MinimumVisualStudioVersion = 10.0.40219.1
Project("{FAE04EC0-301F-11D3-BF4B-00C04F79EFBC}") = "BaiyoAppV2", "..\BaiyoAppV2\BaiyoAppV2.csproj", "{0478E5C2-B3B7-46CB-9019-FE1FA49C0C52}"
EndProject
Project("{FAE04EC0-301F-11D3-BF4B-00C04F79EFBC}") = "NicoV5", "..\NicoV5\NicoV5.csproj", "{EC811FFC-0011-4A33-AC0A-4EF3316AEA4C}"
EndProject
Project("{FAE04EC0-301F-11D3-BF4B-00C04F79EFBC}") = "WpfUtilV2", "WpfUtilV2.csproj", "{12AB67DB-0B63-4EB2-8EFE-BD496A1B2CC6}"
EndProject
Global
	GlobalSection(SolutionConfigurationPlatforms) = preSolution
		Debug|Any CPU = Debug|Any CPU
		Release|Any CPU = Release|Any CPU
	EndGlobalSection
	GlobalSection(ProjectConfigurationPlatforms) = postSolution
		{5268C735-ECAD-4B23-8A52-239B83C78C6B}.Debug|Any CPU.ActiveCfg = Debug|Any CPU
		{5268C735-ECAD-4B23-8A52-239B83C78C6B}.Debug|Any CPU.Build.0 = Debug|Any CPU
		{5268C735-ECAD-4B23-8A52-239B83C78C6B}.Release|Any CPU.ActiveCfg = Release|Any CPU
		{5268C735-ECAD-4B23-8A52-239B83C78C6B}.Release|Any CPU.Build.0 = Release|Any CPU
		{2CC351E2-DA07-483B-A9A4-10CC2B64FBBB}.Debug|Any CPU.ActiveCfg = Debug|Any CPU
		{2CC351E2-DA07-483B-A9A4-10CC2B64FBBB}.Debug|Any CPU.Build.0 = Debug|Any CPU
		{2CC351E2-DA07-483B-A9A4-10CC2B64FBBB}.Release|Any CPU.ActiveCfg = Release|Any CPU
		{2CC351E2-DA07-483B-A9A4-10CC2B64FBBB}.Release|Any CPU.Build.0 = Release|Any CPU
		{0478E5C2-B3B7-46CB-9019-FE1FA49C0C52}.Debug|Any CPU.ActiveCfg = Debug|Any CPU
		{0478E5C2-B3B7-46CB-9019-FE1FA49C0C52}.Debug|Any CPU.Build.0 = Debug|Any CPU
		{0478E5C2-B3B7-46CB-9019-FE1FA49C0C52}.Release|Any CPU.ActiveCfg = Release|Any CPU
		{0478E5C2-B3B7-46CB-9019-FE1FA49C0C52}.Release|Any CPU.Build.0 = Release|Any CPU
		{EC811FFC-0011-4A33-AC0A-4EF3316AEA4C}.Debug|Any CPU.ActiveCfg = Debug|Any CPU
		{EC811FFC-0011-4A33-AC0A-4EF3316AEA4C}.Debug|Any CPU.Build.0 = Debug|Any CPU
		{EC811FFC-0011-4A33-AC0A-4EF3316AEA4C}.Release|Any CPU.ActiveCfg = Release|Any CPU
		{EC811FFC-0011-4A33-AC0A-4EF3316AEA4C}.Release|Any CPU.Build.0 = Release|Any CPU
		{12AB67DB-0B63-4EB2-8EFE-BD496A1B2CC6}.Debug|Any CPU.ActiveCfg = Debug|Any CPU
		{12AB67DB-0B63-4EB2-8EFE-BD496A1B2CC6}.Debug|Any CPU.Build.0 = Debug|Any CPU
		{12AB67DB-0B63-4EB2-8EFE-BD496A1B2CC6}.Release|Any CPU.ActiveCfg = Release|Any CPU
		{12AB67DB-0B63-4EB2-8EFE-BD496A1B2CC6}.Release|Any CPU.Build.0 = Release|Any CPU
	EndGlobalSection
	GlobalSection(SolutionProperties) = preSolution
		HideSolutionNode = FALSE
	EndGlobalSection
	GlobalSection(ExtensibilityGlobals) = postSolution
		SolutionGuid = {1676CD56-B8AB-499C-AE9E-B4F72D9CD268}
	EndGlobalSection
EndGlobal
